// !$*UTF8*$!
{
	archiveVersion = 1;
	classes = {
	};
	objectVersion = 77;
	objects = {

/* Begin PBXBuildFile section */
		0A6DFB7DC5EF1467874F231E /* tra_platforms.json in Resources */ = {isa = PBXBuildFile; fileRef = 007476F85C3E1C799257C7B6 /* tra_platforms.json */; };
		0CAEF26EBDE94052FA874ABE /* tra.json in Resources */ = {isa = PBXBuildFile; fileRef = FAA79D875396E732FE48A605 /* tra.json */; };
		0F9E2782FAEA7F557182B7DA /* thsr_track.json in Resources */ = {isa = PBXBuildFile; fileRef = 411F6A0DAE0C614613B6B4CE /* thsr_track.json */; };
		10D525FC9BA6C8175B84AB5F /* station_names.json in Resources */ = {isa = PBXBuildFile; fileRef = 31AA7BB032ACE4E009B42AF1 /* station_names.json */; };
		10E13E2AD7D42FDB96BF2C00 /* MapBuildConfirm.swift in Sources */ = {isa = PBXBuildFile; fileRef = B8372106A7EF953548452B15 /* MapBuildConfirm.swift */; };
		1505CF68AD15B9B924150DFB /* TrainControls.swift in Sources */ = {isa = PBXBuildFile; fileRef = 9A68301E79140AEFC540BBA0 /* TrainControls.swift */; };
		196DB07B71A523EE4DCE91DE /* ntdlrt_times.json in Resources */ = {isa = PBXBuildFile; fileRef = B00B0A86FFD245909EF3231A /* ntdlrt_times.json */; };
		19E3457A000AB98921141272 /* taiwan_population.json in Resources */ = {isa = PBXBuildFile; fileRef = 6B5BA7FA721C9F96C83683A7 /* taiwan_population.json */; };
		1D588A25E6C866FD0509878D /* trtc.json in Resources */ = {isa = PBXBuildFile; fileRef = 56ABC6AFF31D91F9079F6044 /* trtc.json */; };
		1DD4F130E64F5E59D3A91E3A /* GameCore in Frameworks */ = {isa = PBXBuildFile; productRef = B7E2B69371F0B985A7107860 /* GameCore */; };
		1E9DD55C059CAB8D682CA656 /* afr.json in Resources */ = {isa = PBXBuildFile; fileRef = 52815B08C6FE03A12ABC22D5 /* afr.json */; };
		225C04C52DFBA47A1A6F22A4 /* DataSourcesView.swift in Sources */ = {isa = PBXBuildFile; fileRef = 222E67E267AF07C25D4745C9 /* DataSourcesView.swift */; };
		231927FCE953BD76302D19BE /* TutorialTargets.swift in Sources */ = {isa = PBXBuildFile; fileRef = 0E01CB29C26C0F92124DEE0C /* TutorialTargets.swift */; };
		24BDC33BAEB05C1B78B39AE5 /* MapLibre in Frameworks */ = {isa = PBXBuildFile; productRef = FD2BB5E656E35262DF9997FA /* MapLibre */; };
		2733FFE60203B4AA0059ECFD /* RailwayGameApp.swift in Sources */ = {isa = PBXBuildFile; fileRef = 9D5672CF6C6C6FF4659709AE /* RailwayGameApp.swift */; };
		298E6F23EF908E81C6D9639F /* MapInteractionTests.swift in Sources */ = {isa = PBXBuildFile; fileRef = 21275B6D1B1A72F75A29DA13 /* MapInteractionTests.swift */; };
		2AB6C1070610AFCEB0DD27A0 /* RealWorldPicker.swift in Sources */ = {isa = PBXBuildFile; fileRef = 4B68167398B13543EA8C564A /* RealWorldPicker.swift */; };
		2B45A912226EB245FACCA4F3 /* tymc_times.json in Resources */ = {isa = PBXBuildFile; fileRef = 360D54F266227011F79894B4 /* tymc_times.json */; };
		2EAE2F5727457C096F6FB7CD /* ntalrt_times.json in Resources */ = {isa = PBXBuildFile; fileRef = BE5F9CA2A582C25F505C6761 /* ntalrt_times.json */; };
		304C0785E22FB9116FD70174 /* StationPanel.swift in Sources */ = {isa = PBXBuildFile; fileRef = 6A22BE1BF7A8EAABCEEAE25D /* StationPanel.swift */; };
		376974C84B7F85117BB54C8D /* MapAlertBubbles.swift in Sources */ = {isa = PBXBuildFile; fileRef = 0B4F958A2EC6D131F9218CDD /* MapAlertBubbles.swift */; };
		3CD0719BA9F8CDD5FC42B134 /* tymc.json in Resources */ = {isa = PBXBuildFile; fileRef = 9066371AFA922B8308EA3748 /* tymc.json */; };
		3FA9D3B90B7D1F9CBC07E2FE /* trtc_codes.json in Resources */ = {isa = PBXBuildFile; fileRef = 905E65E0102E822A86C5ECF8 /* trtc_codes.json */; };
		44DB05AFB29842D0B2DC04C0 /* ContentView.swift in Sources */ = {isa = PBXBuildFile; fileRef = D490F999E435A0570BE04635 /* ContentView.swift */; };
		4936E4C3E4EF4FA3E29C6989 /* MapArt.swift in Sources */ = {isa = PBXBuildFile; fileRef = A92B62C199B3DE4F7602175F /* MapArt.swift */; };
		4BD9A2C2F541EB4CE36CA67B /* sanying.json in Resources */ = {isa = PBXBuildFile; fileRef = 92FBF87A0B909AF9C100FC70 /* sanying.json */; };
		4D8F006CF3A45F2966A0F276 /* FollowBar.swift in Sources */ = {isa = PBXBuildFile; fileRef = 10CD1930FBBEEDFCB26CC5A3 /* FollowBar.swift */; };
		4E6FB096EF541BCE135C2911 /* HUDView.swift in Sources */ = {isa = PBXBuildFile; fileRef = 903982CCE649E985E784BE87 /* HUDView.swift */; };
		4EE0D41AC5A9913840A83374 /* TutorialUITests.swift in Sources */ = {isa = PBXBuildFile; fileRef = 3BA3B0B2889A228FC08F83B8 /* TutorialUITests.swift */; };
		543A1EE337FEC2FCA74B2603 /* TutorialOverlay.swift in Sources */ = {isa = PBXBuildFile; fileRef = F488A7BFC7F63D86EDB96548 /* TutorialOverlay.swift */; };
		54DD975F68392FD1FBC6829C /* music-loop.caf in Resources */ = {isa = PBXBuildFile; fileRef = 37971520DEDE438F5E6272D6 /* music-loop.caf */; };
		5650A33F4398B9F43624CE35 /* OSMMapBackground.swift in Sources */ = {isa = PBXBuildFile; fileRef = F655E31850005DBAC32D5142 /* OSMMapBackground.swift */; };
		5816A50B5D199B14095EB3AA /* SettingsUITests.swift in Sources */ = {isa = PBXBuildFile; fileRef = 7E833A49B8766511EF574847 /* SettingsUITests.swift */; };
		61BC5056DC57D08A79608972 /* tra_overtake_tracks.json in Resources */ = {isa = PBXBuildFile; fileRef = 1EA7B218F095D335A00243D1 /* tra_overtake_tracks.json */; };
		622D1DA8B4621C37B231D926 /* NetworkControls.swift in Sources */ = {isa = PBXBuildFile; fileRef = 080B5EA4C72E50F138757E75 /* NetworkControls.swift */; };
		6361F5D3D8B97DFA6D29B6F2 /* tra_track_sections.json in Resources */ = {isa = PBXBuildFile; fileRef = 95B22F52AC2B7370C697A499 /* tra_track_sections.json */; };
		647CBFF4717FB3B4384775E6 /* EconomyPanel.swift in Sources */ = {isa = PBXBuildFile; fileRef = C08B430E6B57DEDAF0C1964E /* EconomyPanel.swift */; };
		6531280599255B09E99C7E41 /* LinesPanel.swift in Sources */ = {isa = PBXBuildFile; fileRef = 17DDE7FD43D5C9514F89C9CA /* LinesPanel.swift */; };
		66CD628AEFF6AEC5001B87F0 /* track_lines.geojson in Resources */ = {isa = PBXBuildFile; fileRef = D8A3D706AFEA85A7941D8933 /* track_lines.geojson */; };
		68C5B44129E827A4E417FB63 /* MapLibre-iOS-LICENSE.md in Resources */ = {isa = PBXBuildFile; fileRef = F093629816AA56C52D91E5B8 /* MapLibre-iOS-LICENSE.md */; };
		6FDAFF341E0A4ECA23966804 /* GameAudio.swift in Sources */ = {isa = PBXBuildFile; fileRef = E6EEB9DC1C736BE4F98AD2BC /* GameAudio.swift */; };
		7044884A77678D3AA560B162 /* YearEndReport.swift in Sources */ = {isa = PBXBuildFile; fileRef = 1FC5AEB0936E154EABD2610F /* YearEndReport.swift */; };
		72BB385B24C1703F13EF0B20 /* NetworkOverview.swift in Sources */ = {isa = PBXBuildFile; fileRef = 3FC137C507F9A22C91174E71 /* NetworkOverview.swift */; };
		7620F6925D1B67C07C540F42 /* RegionStyle.swift in Sources */ = {isa = PBXBuildFile; fileRef = C9BEC5EA8A60EBE76A1B2C84 /* RegionStyle.swift */; };
		789C9FAADEA0419549125729 /* krtc_times.json in Resources */ = {isa = PBXBuildFile; fileRef = A1B80E3285C9871A9D98DECB /* krtc_times.json */; };
		792A33CF70AD2536E13CF479 /* sanying_times.json in Resources */ = {isa = PBXBuildFile; fileRef = 68B0C0FD89F59C53A9685C67 /* sanying_times.json */; };
		7A4A6D92573E439869E49F7A /* PerformanceMenu.swift in Sources */ = {isa = PBXBuildFile; fileRef = DF79937B71C73C05EB0285FF /* PerformanceMenu.swift */; };
		7CFC437C2E691CD94BA7812D /* MapStationTagView.swift in Sources */ = {isa = PBXBuildFile; fileRef = AFA812528CA2F00BD6143418 /* MapStationTagView.swift */; };
		806D73969CCF23668A25B510 /* ntdlrt.json in Resources */ = {isa = PBXBuildFile; fileRef = E2038D64EB91D02F90FE6716 /* ntdlrt.json */; };
		8163932343EEB39A635118DD /* taiwan_places.json in Resources */ = {isa = PBXBuildFile; fileRef = 894953309F6C9C2D5C1F0DB6 /* taiwan_places.json */; };
		830D83B9EA543EBE0B160A9E /* Palette.swift in Sources */ = {isa = PBXBuildFile; fileRef = 0A8A6A623CDA7792FB18C0A2 /* Palette.swift */; };
		86EB45BA9705BF6B815B4D1B /* ntalrt.json in Resources */ = {isa = PBXBuildFile; fileRef = C604A41EF44E46BC47C90819 /* ntalrt.json */; };
		8AB926BA8AD3CB2CFD7351DC /* InfoPlist.strings in Resources */ = {isa = PBXBuildFile; fileRef = A0EEF6BF7DEFF9BA44F2679A /* InfoPlist.strings */; };
		8C1EFE8C1F4019116280DB94 /* MapView.swift in Sources */ = {isa = PBXBuildFile; fileRef = AD5081F4C37E2CEB7CCECB73 /* MapView.swift */; };
		8D4B39BDE96607C94B4FF902 /* StationLineChips.swift in Sources */ = {isa = PBXBuildFile; fileRef = BC6257E295DFF1BD2CE12B37 /* StationLineChips.swift */; };
		8F7D3D9A5618E26E83A6DA59 /* trtc_times.json in Resources */ = {isa = PBXBuildFile; fileRef = 9E428A92A98C07A45636F5E3 /* trtc_times.json */; };
		945BE0F504200741317CF54C /* MapLayerSheet.swift in Sources */ = {isa = PBXBuildFile; fileRef = 8363C536E3BE341871325469 /* MapLayerSheet.swift */; };
		991AFFBF0CFA0B43EA636257 /* TrainLoadBar.swift in Sources */ = {isa = PBXBuildFile; fileRef = 6F0A16C9226467AD2F29C92B /* TrainLoadBar.swift */; };
		9C344F54682319D6B608F56A /* InspectorView.swift in Sources */ = {isa = PBXBuildFile; fileRef = 908DF494BE421AA1D9D8EE60 /* InspectorView.swift */; };
		9C967885AEABC53789FB4165 /* RouteStrip.swift in Sources */ = {isa = PBXBuildFile; fileRef = 649A13DFCE7328AD6D549B82 /* RouteStrip.swift */; };
		9CC22169A02628E88713776A /* tra_station_info.json in Resources */ = {isa = PBXBuildFile; fileRef = 150E696C9936773A65399191 /* tra_station_info.json */; };
		A3960BFF1A41CEBA47C4ADE1 /* SettingsView.swift in Sources */ = {isa = PBXBuildFile; fileRef = D4C0B07BD9AF82071392AB20 /* SettingsView.swift */; };
		A3C9D6B6FECF2BBDAD9C372A /* station_transfers.json in Resources */ = {isa = PBXBuildFile; fileRef = F04BA3646C6BDB8801CF770B /* station_transfers.json */; };
		A63CC2F5042DB04F53E77F6D /* RealWorldMapUITests.swift in Sources */ = {isa = PBXBuildFile; fileRef = 464ED7CD74C3D89609658AD5 /* RealWorldMapUITests.swift */; };
		A6BE3F0BE2C0F8D6B5BB4B23 /* ToolbarSmokeTests.swift in Sources */ = {isa = PBXBuildFile; fileRef = C62092ABB8C906B420B7E61B /* ToolbarSmokeTests.swift */; };
		AA89DE59BE4AB10592AFA96C /* PopulationLegendView.swift in Sources */ = {isa = PBXBuildFile; fileRef = CBAD6AED84A8DA58D17AC1C7 /* PopulationLegendView.swift */; };
		AEA94B60157383F2A9A1D826 /* thsr-schedule.json in Resources */ = {isa = PBXBuildFile; fileRef = 86547460C77F513B1976E1A4 /* thsr-schedule.json */; };
		AF80C7D3AA57530427081DFF /* StartView.swift in Sources */ = {isa = PBXBuildFile; fileRef = A23CAC8DC027701B44D9FEF2 /* StartView.swift */; };
		B2E315F0FCFC44707DC846E7 /* whoosh.wav in Resources */ = {isa = PBXBuildFile; fileRef = 58D2ECE334BAC4B7C9744680 /* whoosh.wav */; };
		B4C21D76AC6D8C7F15D03E7A /* krtc.json in Resources */ = {isa = PBXBuildFile; fileRef = F7E81C097849391C73D31AF5 /* krtc.json */; };
		BD4D73964A95133885864DC2 /* tmrt_times.json in Resources */ = {isa = PBXBuildFile; fileRef = 3EDAFCBFB7EEDE187DEFCAB1 /* tmrt_times.json */; };
		BEF6C6FD0A62EBDEDD8E4244 /* MapConstructionHUD.swift in Sources */ = {isa = PBXBuildFile; fileRef = 0BB64062D209FDE3EC54BAE7 /* MapConstructionHUD.swift */; };
		C61BAB200CEB800C0F50B796 /* TimetableEditor.swift in Sources */ = {isa = PBXBuildFile; fileRef = BBBC6A819CE29EEBC4FD844A /* TimetableEditor.swift */; };
		CC783E4053798355ECF17075 /* StartSaveFlowSmokeTests.swift in Sources */ = {isa = PBXBuildFile; fileRef = B2CB75E448956BC3D8E7FE02 /* StartSaveFlowSmokeTests.swift */; };
		CDA0BE241DE1D06BA9047372 /* ControlPanel.swift in Sources */ = {isa = PBXBuildFile; fileRef = A07E2BC9805D886DEE596859 /* ControlPanel.swift */; };
		D4406F2AAF216CFD720F2A34 /* rail-joint.wav in Resources */ = {isa = PBXBuildFile; fileRef = AD6E3ED548E183F6E79E0111 /* rail-joint.wav */; };
		D46AECD3578B57EB4AD69DB4 /* taiwan_water.json in Resources */ = {isa = PBXBuildFile; fileRef = 31A2D9E61F0D1A4537E1B356 /* taiwan_water.json */; };
		D7C2F05C8F97660E0404A588 /* Localizable.xcstrings in Resources */ = {isa = PBXBuildFile; fileRef = 319005DEFC37AC8A7F4BB927 /* Localizable.xcstrings */; };
		DC0C16D1A36913B68ED98526 /* FleetOverviewSheet.swift in Sources */ = {isa = PBXBuildFile; fileRef = 611230C928D5D1A8F9224E8E /* FleetOverviewSheet.swift */; };
		DDE073E597E0A494A18D4B85 /* AppleMapBackground.swift in Sources */ = {isa = PBXBuildFile; fileRef = 3A47FE76CCB95D1AB460CE99 /* AppleMapBackground.swift */; };
		DE4AC9AE303F65DF2C543FF3 /* GamePresentation in Frameworks */ = {isa = PBXBuildFile; productRef = 45EC5C77CE30354C4B4E2BAF /* GamePresentation */; };
		E0751BAC4F08ABCE62170267 /* GoalsPanel.swift in Sources */ = {isa = PBXBuildFile; fileRef = EA92CA4D96486CF019CFB053 /* GoalsPanel.swift */; };
		E2EBB2C322FFE308B9EABCBE /* Assets.xcassets in Resources */ = {isa = PBXBuildFile; fileRef = 41251B12461A0FD34DFCB786 /* Assets.xcassets */; };
		EBF4B51615CD5EA956ADD087 /* tra_station_class.json in Resources */ = {isa = PBXBuildFile; fileRef = F34F5FAD9996ED6204B4F23C /* tra_station_class.json */; };
		F46D9B04101FA9F89A33CB08 /* station-chime.wav in Resources */ = {isa = PBXBuildFile; fileRef = 4966256D18F5622FE1A080BB /* station-chime.wav */; };
		F616E84EA51C9BCB0921FBA7 /* track_stations.geojson in Resources */ = {isa = PBXBuildFile; fileRef = BDC928DD3917E8959E2930DD /* track_stations.geojson */; };
		F720FC931D713539D1AF8CCC /* tmrt.json in Resources */ = {isa = PBXBuildFile; fileRef = 10BAAEA97DA689ABA4004F2A /* tmrt.json */; };
		F86D215344F8BC5B6E8955AD /* Theme.swift in Sources */ = {isa = PBXBuildFile; fileRef = 3934A6F628AA98414B2B952D /* Theme.swift */; };
/* End PBXBuildFile section */

/* Begin PBXContainerItemProxy section */
		AEDA703A655690726C373541 /* PBXContainerItemProxy */ = {
			isa = PBXContainerItemProxy;
			containerPortal = 20F26E761254EC6D2A5F8CC9 /* Project object */;
			proxyType = 1;
			remoteGlobalIDString = 6B2730D54DA2BD4386F0AEE3;
			remoteInfo = RailwayGame;
		};
/* End PBXContainerItemProxy section */

/* Begin PBXFileReference section */
		007476F85C3E1C799257C7B6 /* tra_platforms.json */ = {isa = PBXFileReference; lastKnownFileType = text.json; path = tra_platforms.json; sourceTree = "<group>"; };
		080B5EA4C72E50F138757E75 /* NetworkControls.swift */ = {isa = PBXFileReference; lastKnownFileType = sourcecode.swift; path = NetworkControls.swift; sourceTree = "<group>"; };
		0A8A6A623CDA7792FB18C0A2 /* Palette.swift */ = {isa = PBXFileReference; lastKnownFileType = sourcecode.swift; path = Palette.swift; sourceTree = "<group>"; };
		0B4F958A2EC6D131F9218CDD /* MapAlertBubbles.swift */ = {isa = PBXFileReference; lastKnownFileType = sourcecode.swift; path = MapAlertBubbles.swift; sourceTree = "<group>"; };
		0BB64062D209FDE3EC54BAE7 /* MapConstructionHUD.swift */ = {isa = PBXFileReference; lastKnownFileType = sourcecode.swift; path = MapConstructionHUD.swift; sourceTree = "<group>"; };
		0E01CB29C26C0F92124DEE0C /* TutorialTargets.swift */ = {isa = PBXFileReference; lastKnownFileType = sourcecode.swift; path = TutorialTargets.swift; sourceTree = "<group>"; };
		10BAAEA97DA689ABA4004F2A /* tmrt.json */ = {isa = PBXFileReference; lastKnownFileType = text.json; path = tmrt.json; sourceTree = "<group>"; };
		10CD1930FBBEEDFCB26CC5A3 /* FollowBar.swift */ = {isa = PBXFileReference; lastKnownFileType = sourcecode.swift; path = FollowBar.swift; sourceTree = "<group>"; };
		150E696C9936773A65399191 /* tra_station_info.json */ = {isa = PBXFileReference; lastKnownFileType = text.json; path = tra_station_info.json; sourceTree = "<group>"; };
		17DDE7FD43D5C9514F89C9CA /* LinesPanel.swift */ = {isa = PBXFileReference; lastKnownFileType = sourcecode.swift; path = LinesPanel.swift; sourceTree = "<group>"; };
		1EA7B218F095D335A00243D1 /* tra_overtake_tracks.json */ = {isa = PBXFileReference; lastKnownFileType = text.json; path = tra_overtake_tracks.json; sourceTree = "<group>"; };
		1FC5AEB0936E154EABD2610F /* YearEndReport.swift */ = {isa = PBXFileReference; lastKnownFileType = sourcecode.swift; path = YearEndReport.swift; sourceTree = "<group>"; };
		21275B6D1B1A72F75A29DA13 /* MapInteractionTests.swift */ = {isa = PBXFileReference; lastKnownFileType = sourcecode.swift; path = MapInteractionTests.swift; sourceTree = "<group>"; };
		222E67E267AF07C25D4745C9 /* DataSourcesView.swift */ = {isa = PBXFileReference; lastKnownFileType = sourcecode.swift; path = DataSourcesView.swift; sourceTree = "<group>"; };
		2A779D8969EEF8D75DD97FF5 /* zh-Hant */ = {isa = PBXFileReference; lastKnownFileType = text.plist.strings; name = "zh-Hant"; path = "zh-Hant.lproj/InfoPlist.strings"; sourceTree = "<group>"; };
		2C7E3045294CC098C802F9DA /* railway-game-ios */ = {isa = PBXFileReference; lastKnownFileType = folder; name = "railway-game-ios"; path = ..; sourceTree = SOURCE_ROOT; };
		319005DEFC37AC8A7F4BB927 /* Localizable.xcstrings */ = {isa = PBXFileReference; lastKnownFileType = text.json.xcstrings; path = Localizable.xcstrings; sourceTree = "<group>"; };
		31A2D9E61F0D1A4537E1B356 /* taiwan_water.json */ = {isa = PBXFileReference; lastKnownFileType = text.json; path = taiwan_water.json; sourceTree = "<group>"; };
		31AA7BB032ACE4E009B42AF1 /* station_names.json */ = {isa = PBXFileReference; lastKnownFileType = text.json; path = station_names.json; sourceTree = "<group>"; };
		360D54F266227011F79894B4 /* tymc_times.json */ = {isa = PBXFileReference; lastKnownFileType = text.json; path = tymc_times.json; sourceTree = "<group>"; };
		37971520DEDE438F5E6272D6 /* music-loop.caf */ = {isa = PBXFileReference; path = "music-loop.caf"; sourceTree = "<group>"; };
		3934A6F628AA98414B2B952D /* Theme.swift */ = {isa = PBXFileReference; lastKnownFileType = sourcecode.swift; path = Theme.swift; sourceTree = "<group>"; };
		3A47FE76CCB95D1AB460CE99 /* AppleMapBackground.swift */ = {isa = PBXFileReference; lastKnownFileType = sourcecode.swift; path = AppleMapBackground.swift; sourceTree = "<group>"; };
		3BA3B0B2889A228FC08F83B8 /* TutorialUITests.swift */ = {isa = PBXFileReference; lastKnownFileType = sourcecode.swift; path = TutorialUITests.swift; sourceTree = "<group>"; };
		3EDAFCBFB7EEDE187DEFCAB1 /* tmrt_times.json */ = {isa = PBXFileReference; lastKnownFileType = text.json; path = tmrt_times.json; sourceTree = "<group>"; };
		3FC137C507F9A22C91174E71 /* NetworkOverview.swift */ = {isa = PBXFileReference; lastKnownFileType = sourcecode.swift; path = NetworkOverview.swift; sourceTree = "<group>"; };
		411F6A0DAE0C614613B6B4CE /* thsr_track.json */ = {isa = PBXFileReference; lastKnownFileType = text.json; path = thsr_track.json; sourceTree = "<group>"; };
		41251B12461A0FD34DFCB786 /* Assets.xcassets */ = {isa = PBXFileReference; lastKnownFileType = folder.assetcatalog; path = Assets.xcassets; sourceTree = "<group>"; };
		464ED7CD74C3D89609658AD5 /* RealWorldMapUITests.swift */ = {isa = PBXFileReference; lastKnownFileType = sourcecode.swift; path = RealWorldMapUITests.swift; sourceTree = "<group>"; };
		4966256D18F5622FE1A080BB /* station-chime.wav */ = {isa = PBXFileReference; lastKnownFileType = audio.wav; path = "station-chime.wav"; sourceTree = "<group>"; };
		4B68167398B13543EA8C564A /* RealWorldPicker.swift */ = {isa = PBXFileReference; lastKnownFileType = sourcecode.swift; path = RealWorldPicker.swift; sourceTree = "<group>"; };
		52815B08C6FE03A12ABC22D5 /* afr.json */ = {isa = PBXFileReference; lastKnownFileType = text.json; path = afr.json; sourceTree = "<group>"; };
		56ABC6AFF31D91F9079F6044 /* trtc.json */ = {isa = PBXFileReference; lastKnownFileType = text.json; path = trtc.json; sourceTree = "<group>"; };
		58D2ECE334BAC4B7C9744680 /* whoosh.wav */ = {isa = PBXFileReference; lastKnownFileType = audio.wav; path = whoosh.wav; sourceTree = "<group>"; };
		611230C928D5D1A8F9224E8E /* FleetOverviewSheet.swift */ = {isa = PBXFileReference; lastKnownFileType = sourcecode.swift; path = FleetOverviewSheet.swift; sourceTree = "<group>"; };
		649A13DFCE7328AD6D549B82 /* RouteStrip.swift */ = {isa = PBXFileReference; lastKnownFileType = sourcecode.swift; path = RouteStrip.swift; sourceTree = "<group>"; };
		68B0C0FD89F59C53A9685C67 /* sanying_times.json */ = {isa = PBXFileReference; lastKnownFileType = text.json; path = sanying_times.json; sourceTree = "<group>"; };
		6A22BE1BF7A8EAABCEEAE25D /* StationPanel.swift */ = {isa = PBXFileReference; lastKnownFileType = sourcecode.swift; path = StationPanel.swift; sourceTree = "<group>"; };
		6B5BA7FA721C9F96C83683A7 /* taiwan_population.json */ = {isa = PBXFileReference; lastKnownFileType = text.json; path = taiwan_population.json; sourceTree = "<group>"; };
		6F0A16C9226467AD2F29C92B /* TrainLoadBar.swift */ = {isa = PBXFileReference; lastKnownFileType = sourcecode.swift; path = TrainLoadBar.swift; sourceTree = "<group>"; };
		7E833A49B8766511EF574847 /* SettingsUITests.swift */ = {isa = PBXFileReference; lastKnownFileType = sourcecode.swift; path = SettingsUITests.swift; sourceTree = "<group>"; };
		8363C536E3BE341871325469 /* MapLayerSheet.swift */ = {isa = PBXFileReference; lastKnownFileType = sourcecode.swift; path = MapLayerSheet.swift; sourceTree = "<group>"; };
		86547460C77F513B1976E1A4 /* thsr-schedule.json */ = {isa = PBXFileReference; lastKnownFileType = text.json; path = "thsr-schedule.json"; sourceTree = "<group>"; };
		894953309F6C9C2D5C1F0DB6 /* taiwan_places.json */ = {isa = PBXFileReference; lastKnownFileType = text.json; path = taiwan_places.json; sourceTree = "<group>"; };
		903982CCE649E985E784BE87 /* HUDView.swift */ = {isa = PBXFileReference; lastKnownFileType = sourcecode.swift; path = HUDView.swift; sourceTree = "<group>"; };
		905E65E0102E822A86C5ECF8 /* trtc_codes.json */ = {isa = PBXFileReference; lastKnownFileType = text.json; path = trtc_codes.json; sourceTree = "<group>"; };
		9066371AFA922B8308EA3748 /* tymc.json */ = {isa = PBXFileReference; lastKnownFileType = text.json; path = tymc.json; sourceTree = "<group>"; };
		908DF494BE421AA1D9D8EE60 /* InspectorView.swift */ = {isa = PBXFileReference; lastKnownFileType = sourcecode.swift; path = InspectorView.swift; sourceTree = "<group>"; };
		92FBF87A0B909AF9C100FC70 /* sanying.json */ = {isa = PBXFileReference; lastKnownFileType = text.json; path = sanying.json; sourceTree = "<group>"; };
		95B22F52AC2B7370C697A499 /* tra_track_sections.json */ = {isa = PBXFileReference; lastKnownFileType = text.json; path = tra_track_sections.json; sourceTree = "<group>"; };
		9A68301E79140AEFC540BBA0 /* TrainControls.swift */ = {isa = PBXFileReference; lastKnownFileType = sourcecode.swift; path = TrainControls.swift; sourceTree = "<group>"; };
		9D5672CF6C6C6FF4659709AE /* RailwayGameApp.swift */ = {isa = PBXFileReference; lastKnownFileType = sourcecode.swift; path = RailwayGameApp.swift; sourceTree = "<group>"; };
		9E428A92A98C07A45636F5E3 /* trtc_times.json */ = {isa = PBXFileReference; lastKnownFileType = text.json; path = trtc_times.json; sourceTree = "<group>"; };
		A07E2BC9805D886DEE596859 /* ControlPanel.swift */ = {isa = PBXFileReference; lastKnownFileType = sourcecode.swift; path = ControlPanel.swift; sourceTree = "<group>"; };
		A0888B79097535628EEF865F /* RailwayGameUITests.xctest */ = {isa = PBXFileReference; includeInIndex = 0; lastKnownFileType = wrapper.cfbundle; path = RailwayGameUITests.xctest; sourceTree = BUILT_PRODUCTS_DIR; };
		A1B80E3285C9871A9D98DECB /* krtc_times.json */ = {isa = PBXFileReference; lastKnownFileType = text.json; path = krtc_times.json; sourceTree = "<group>"; };
		A23CAC8DC027701B44D9FEF2 /* StartView.swift */ = {isa = PBXFileReference; lastKnownFileType = sourcecode.swift; path = StartView.swift; sourceTree = "<group>"; };
		A7D933E24E26C2077E5BC12A /* RailwayGame.app */ = {isa = PBXFileReference; includeInIndex = 0; lastKnownFileType = wrapper.application; path = RailwayGame.app; sourceTree = BUILT_PRODUCTS_DIR; };
		A92B62C199B3DE4F7602175F /* MapArt.swift */ = {isa = PBXFileReference; lastKnownFileType = sourcecode.swift; path = MapArt.swift; sourceTree = "<group>"; };
		AD5081F4C37E2CEB7CCECB73 /* MapView.swift */ = {isa = PBXFileReference; lastKnownFileType = sourcecode.swift; path = MapView.swift; sourceTree = "<group>"; };
		AD6E3ED548E183F6E79E0111 /* rail-joint.wav */ = {isa = PBXFileReference; lastKnownFileType = audio.wav; path = "rail-joint.wav"; sourceTree = "<group>"; };
		AFA812528CA2F00BD6143418 /* MapStationTagView.swift */ = {isa = PBXFileReference; lastKnownFileType = sourcecode.swift; path = MapStationTagView.swift; sourceTree = "<group>"; };
		B00B0A86FFD245909EF3231A /* ntdlrt_times.json */ = {isa = PBXFileReference; lastKnownFileType = text.json; path = ntdlrt_times.json; sourceTree = "<group>"; };
		B2CB75E448956BC3D8E7FE02 /* StartSaveFlowSmokeTests.swift */ = {isa = PBXFileReference; lastKnownFileType = sourcecode.swift; path = StartSaveFlowSmokeTests.swift; sourceTree = "<group>"; };
		B8372106A7EF953548452B15 /* MapBuildConfirm.swift */ = {isa = PBXFileReference; lastKnownFileType = sourcecode.swift; path = MapBuildConfirm.swift; sourceTree = "<group>"; };
		BBBC6A819CE29EEBC4FD844A /* TimetableEditor.swift */ = {isa = PBXFileReference; lastKnownFileType = sourcecode.swift; path = TimetableEditor.swift; sourceTree = "<group>"; };
		BC6257E295DFF1BD2CE12B37 /* StationLineChips.swift */ = {isa = PBXFileReference; lastKnownFileType = sourcecode.swift; path = StationLineChips.swift; sourceTree = "<group>"; };
		BDC928DD3917E8959E2930DD /* track_stations.geojson */ = {isa = PBXFileReference; path = track_stations.geojson; sourceTree = "<group>"; };
		BE5F9CA2A582C25F505C6761 /* ntalrt_times.json */ = {isa = PBXFileReference; lastKnownFileType = text.json; path = ntalrt_times.json; sourceTree = "<group>"; };
		C08B430E6B57DEDAF0C1964E /* EconomyPanel.swift */ = {isa = PBXFileReference; lastKnownFileType = sourcecode.swift; path = EconomyPanel.swift; sourceTree = "<group>"; };
		C604A41EF44E46BC47C90819 /* ntalrt.json */ = {isa = PBXFileReference; lastKnownFileType = text.json; path = ntalrt.json; sourceTree = "<group>"; };
		C62092ABB8C906B420B7E61B /* ToolbarSmokeTests.swift */ = {isa = PBXFileReference; lastKnownFileType = sourcecode.swift; path = ToolbarSmokeTests.swift; sourceTree = "<group>"; };
		C639F6C2DB822D36E3F0AB8A /* en */ = {isa = PBXFileReference; lastKnownFileType = text.plist.strings; name = en; path = en.lproj/InfoPlist.strings; sourceTree = "<group>"; };
		C9BEC5EA8A60EBE76A1B2C84 /* RegionStyle.swift */ = {isa = PBXFileReference; lastKnownFileType = sourcecode.swift; path = RegionStyle.swift; sourceTree = "<group>"; };
		CBAD6AED84A8DA58D17AC1C7 /* PopulationLegendView.swift */ = {isa = PBXFileReference; lastKnownFileType = sourcecode.swift; path = PopulationLegendView.swift; sourceTree = "<group>"; };
		D490F999E435A0570BE04635 /* ContentView.swift */ = {isa = PBXFileReference; lastKnownFileType = sourcecode.swift; path = ContentView.swift; sourceTree = "<group>"; };
		D4C0B07BD9AF82071392AB20 /* SettingsView.swift */ = {isa = PBXFileReference; lastKnownFileType = sourcecode.swift; path = SettingsView.swift; sourceTree = "<group>"; };
		D8A3D706AFEA85A7941D8933 /* track_lines.geojson */ = {isa = PBXFileReference; path = track_lines.geojson; sourceTree = "<group>"; };
		DF79937B71C73C05EB0285FF /* PerformanceMenu.swift */ = {isa = PBXFileReference; lastKnownFileType = sourcecode.swift; path = PerformanceMenu.swift; sourceTree = "<group>"; };
		E2038D64EB91D02F90FE6716 /* ntdlrt.json */ = {isa = PBXFileReference; lastKnownFileType = text.json; path = ntdlrt.json; sourceTree = "<group>"; };
		E6EEB9DC1C736BE4F98AD2BC /* GameAudio.swift */ = {isa = PBXFileReference; lastKnownFileType = sourcecode.swift; path = GameAudio.swift; sourceTree = "<group>"; };
		EA92CA4D96486CF019CFB053 /* GoalsPanel.swift */ = {isa = PBXFileReference; lastKnownFileType = sourcecode.swift; path = GoalsPanel.swift; sourceTree = "<group>"; };
		F04BA3646C6BDB8801CF770B /* station_transfers.json */ = {isa = PBXFileReference; lastKnownFileType = text.json; path = station_transfers.json; sourceTree = "<group>"; };
		F093629816AA56C52D91E5B8 /* MapLibre-iOS-LICENSE.md */ = {isa = PBXFileReference; lastKnownFileType = net.daringfireball.markdown; path = "MapLibre-iOS-LICENSE.md"; sourceTree = "<group>"; };
		F34F5FAD9996ED6204B4F23C /* tra_station_class.json */ = {isa = PBXFileReference; lastKnownFileType = text.json; path = tra_station_class.json; sourceTree = "<group>"; };
		F488A7BFC7F63D86EDB96548 /* TutorialOverlay.swift */ = {isa = PBXFileReference; lastKnownFileType = sourcecode.swift; path = TutorialOverlay.swift; sourceTree = "<group>"; };
		F655E31850005DBAC32D5142 /* OSMMapBackground.swift */ = {isa = PBXFileReference; lastKnownFileType = sourcecode.swift; path = OSMMapBackground.swift; sourceTree = "<group>"; };
		F7E81C097849391C73D31AF5 /* krtc.json */ = {isa = PBXFileReference; lastKnownFileType = text.json; path = krtc.json; sourceTree = "<group>"; };
		FAA79D875396E732FE48A605 /* tra.json */ = {isa = PBXFileReference; lastKnownFileType = text.json; path = tra.json; sourceTree = "<group>"; };
/* End PBXFileReference section */

/* Begin PBXFrameworksBuildPhase section */
		B071A2BE9B6A4A2054356841 /* Frameworks */ = {
			isa = PBXFrameworksBuildPhase;
			buildActionMask = 2147483647;
			files = (
				1DD4F130E64F5E59D3A91E3A /* GameCore in Frameworks */,
				DE4AC9AE303F65DF2C543FF3 /* GamePresentation in Frameworks */,
				24BDC33BAEB05C1B78B39AE5 /* MapLibre in Frameworks */,
			);
			runOnlyForDeploymentPostprocessing = 0;
		};
/* End PBXFrameworksBuildPhase section */

/* Begin PBXGroup section */
		04B4E0263838A9F3091ABD24 /* Products */ = {
			isa = PBXGroup;
			children = (
				A7D933E24E26C2077E5BC12A /* RailwayGame.app */,
				A0888B79097535628EEF865F /* RailwayGameUITests.xctest */,
			);
			name = Products;
			sourceTree = "<group>";
		};
		2F8768290831E1C1F09B9C81 /* RealWorld */ = {
			isa = PBXGroup;
			children = (
				894953309F6C9C2D5C1F0DB6 /* taiwan_places.json */,
				6B5BA7FA721C9F96C83683A7 /* taiwan_population.json */,
				31A2D9E61F0D1A4537E1B356 /* taiwan_water.json */,
			);
			path = RealWorld;
			sourceTree = "<group>";
		};
		323CCFDFD5FC7E9426C5F161 /* App */ = {
			isa = PBXGroup;
			children = (
				E6EEB9DC1C736BE4F98AD2BC /* GameAudio.swift */,
				9D5672CF6C6C6FF4659709AE /* RailwayGameApp.swift */,
			);
			path = App;
			sourceTree = "<group>";
		};
		4129AFF36D68297713804A78 /* RealRailways */ = {
			isa = PBXGroup;
			children = (
				52815B08C6FE03A12ABC22D5 /* afr.json */,
				A1B80E3285C9871A9D98DECB /* krtc_times.json */,
				F7E81C097849391C73D31AF5 /* krtc.json */,
				BE5F9CA2A582C25F505C6761 /* ntalrt_times.json */,
				C604A41EF44E46BC47C90819 /* ntalrt.json */,
				B00B0A86FFD245909EF3231A /* ntdlrt_times.json */,
				E2038D64EB91D02F90FE6716 /* ntdlrt.json */,
				68B0C0FD89F59C53A9685C67 /* sanying_times.json */,
				92FBF87A0B909AF9C100FC70 /* sanying.json */,
				31AA7BB032ACE4E009B42AF1 /* station_names.json */,
				F04BA3646C6BDB8801CF770B /* station_transfers.json */,
				411F6A0DAE0C614613B6B4CE /* thsr_track.json */,
				86547460C77F513B1976E1A4 /* thsr-schedule.json */,
				3EDAFCBFB7EEDE187DEFCAB1 /* tmrt_times.json */,
				10BAAEA97DA689ABA4004F2A /* tmrt.json */,
				1EA7B218F095D335A00243D1 /* tra_overtake_tracks.json */,
				007476F85C3E1C799257C7B6 /* tra_platforms.json */,
				F34F5FAD9996ED6204B4F23C /* tra_station_class.json */,
				150E696C9936773A65399191 /* tra_station_info.json */,
				95B22F52AC2B7370C697A499 /* tra_track_sections.json */,
				FAA79D875396E732FE48A605 /* tra.json */,
				D8A3D706AFEA85A7941D8933 /* track_lines.geojson */,
				BDC928DD3917E8959E2930DD /* track_stations.geojson */,
				905E65E0102E822A86C5ECF8 /* trtc_codes.json */,
				9E428A92A98C07A45636F5E3 /* trtc_times.json */,
				56ABC6AFF31D91F9079F6044 /* trtc.json */,
				360D54F266227011F79894B4 /* tymc_times.json */,
				9066371AFA922B8308EA3748 /* tymc.json */,
			);
			path = RealRailways;
			sourceTree = "<group>";
		};
		4BC825607E71A86B2AAEA49F /* Views */ = {
			isa = PBXGroup;
			children = (
				3A47FE76CCB95D1AB460CE99 /* AppleMapBackground.swift */,
				D490F999E435A0570BE04635 /* ContentView.swift */,
				A07E2BC9805D886DEE596859 /* ControlPanel.swift */,
				222E67E267AF07C25D4745C9 /* DataSourcesView.swift */,
				C08B430E6B57DEDAF0C1964E /* EconomyPanel.swift */,
				611230C928D5D1A8F9224E8E /* FleetOverviewSheet.swift */,
				10CD1930FBBEEDFCB26CC5A3 /* FollowBar.swift */,
				EA92CA4D96486CF019CFB053 /* GoalsPanel.swift */,
				903982CCE649E985E784BE87 /* HUDView.swift */,
				908DF494BE421AA1D9D8EE60 /* InspectorView.swift */,
				17DDE7FD43D5C9514F89C9CA /* LinesPanel.swift */,
				0B4F958A2EC6D131F9218CDD /* MapAlertBubbles.swift */,
				A92B62C199B3DE4F7602175F /* MapArt.swift */,
				B8372106A7EF953548452B15 /* MapBuildConfirm.swift */,
				0BB64062D209FDE3EC54BAE7 /* MapConstructionHUD.swift */,
				8363C536E3BE341871325469 /* MapLayerSheet.swift */,
				AFA812528CA2F00BD6143418 /* MapStationTagView.swift */,
				AD5081F4C37E2CEB7CCECB73 /* MapView.swift */,
				080B5EA4C72E50F138757E75 /* NetworkControls.swift */,
				3FC137C507F9A22C91174E71 /* NetworkOverview.swift */,
				F655E31850005DBAC32D5142 /* OSMMapBackground.swift */,
				0A8A6A623CDA7792FB18C0A2 /* Palette.swift */,
				DF79937B71C73C05EB0285FF /* PerformanceMenu.swift */,
				CBAD6AED84A8DA58D17AC1C7 /* PopulationLegendView.swift */,
				4B68167398B13543EA8C564A /* RealWorldPicker.swift */,
				C9BEC5EA8A60EBE76A1B2C84 /* RegionStyle.swift */,
				649A13DFCE7328AD6D549B82 /* RouteStrip.swift */,
				D4C0B07BD9AF82071392AB20 /* SettingsView.swift */,
				A23CAC8DC027701B44D9FEF2 /* StartView.swift */,
				BC6257E295DFF1BD2CE12B37 /* StationLineChips.swift */,
				6A22BE1BF7A8EAABCEEAE25D /* StationPanel.swift */,
				3934A6F628AA98414B2B952D /* Theme.swift */,
				BBBC6A819CE29EEBC4FD844A /* TimetableEditor.swift */,
				9A68301E79140AEFC540BBA0 /* TrainControls.swift */,
				6F0A16C9226467AD2F29C92B /* TrainLoadBar.swift */,
				F488A7BFC7F63D86EDB96548 /* TutorialOverlay.swift */,
				0E01CB29C26C0F92124DEE0C /* TutorialTargets.swift */,
				1FC5AEB0936E154EABD2610F /* YearEndReport.swift */,
			);
			path = Views;
			sourceTree = "<group>";
		};
		828A069B3EBF9E0D71CBF431 /* Packages */ = {
			isa = PBXGroup;
			children = (
				2C7E3045294CC098C802F9DA /* railway-game-ios */,
			);
			name = Packages;
			sourceTree = "<group>";
		};
		8382CA8983A43BE4B8E22C4F /* Licenses */ = {
			isa = PBXGroup;
			children = (
				F093629816AA56C52D91E5B8 /* MapLibre-iOS-LICENSE.md */,
			);
			path = Licenses;
			sourceTree = "<group>";
		};
		A1765EA1CC06988CA8C37FF3 = {
			isa = PBXGroup;
			children = (
				323CCFDFD5FC7E9426C5F161 /* App */,
				828A069B3EBF9E0D71CBF431 /* Packages */,
				F93DAEBD83BEBF200EC0536D /* Resources */,
				C0B361249E4B7CC041A973C6 /* UITests */,
				4BC825607E71A86B2AAEA49F /* Views */,
				04B4E0263838A9F3091ABD24 /* Products */,
			);
			sourceTree = "<group>";
		};
		B3A6A45B19F662183005E4CB /* Audio */ = {
			isa = PBXGroup;
			children = (
				37971520DEDE438F5E6272D6 /* music-loop.caf */,
				AD6E3ED548E183F6E79E0111 /* rail-joint.wav */,
				4966256D18F5622FE1A080BB /* station-chime.wav */,
				58D2ECE334BAC4B7C9744680 /* whoosh.wav */,
			);
			path = Audio;
			sourceTree = "<group>";
		};
		C0B361249E4B7CC041A973C6 /* UITests */ = {
			isa = PBXGroup;
			children = (
				21275B6D1B1A72F75A29DA13 /* MapInteractionTests.swift */,
				464ED7CD74C3D89609658AD5 /* RealWorldMapUITests.swift */,
				7E833A49B8766511EF574847 /* SettingsUITests.swift */,
				B2CB75E448956BC3D8E7FE02 /* StartSaveFlowSmokeTests.swift */,
				C62092ABB8C906B420B7E61B /* ToolbarSmokeTests.swift */,
				3BA3B0B2889A228FC08F83B8 /* TutorialUITests.swift */,
			);
			path = UITests;
			sourceTree = "<group>";
		};
		F93DAEBD83BEBF200EC0536D /* Resources */ = {
			isa = PBXGroup;
			children = (
				41251B12461A0FD34DFCB786 /* Assets.xcassets */,
				319005DEFC37AC8A7F4BB927 /* Localizable.xcstrings */,
				B3A6A45B19F662183005E4CB /* Audio */,
				A0EEF6BF7DEFF9BA44F2679A /* InfoPlist.strings */,
				8382CA8983A43BE4B8E22C4F /* Licenses */,
				4129AFF36D68297713804A78 /* RealRailways */,
				2F8768290831E1C1F09B9C81 /* RealWorld */,
			);
			path = Resources;
			sourceTree = "<group>";
		};
/* End PBXGroup section */

/* Begin PBXNativeTarget section */
		6B2730D54DA2BD4386F0AEE3 /* RailwayGame */ = {
			isa = PBXNativeTarget;
			buildConfigurationList = 7D02E24E17509A8E74B0F95A /* Build configuration list for PBXNativeTarget "RailwayGame" */;
			buildPhases = (
				3D91C31EC1F78548D564B05C /* Sources */,
				C61135149A74BBA2B4090747 /* Resources */,
				B071A2BE9B6A4A2054356841 /* Frameworks */,
			);
			buildRules = (
			);
			dependencies = (
			);
			name = RailwayGame;
			packageProductDependencies = (
				B7E2B69371F0B985A7107860 /* GameCore */,
				45EC5C77CE30354C4B4E2BAF /* GamePresentation */,
				FD2BB5E656E35262DF9997FA /* MapLibre */,
			);
			productName = RailwayGame;
			productReference = A7D933E24E26C2077E5BC12A /* RailwayGame.app */;
			productType = "com.apple.product-type.application";
		};
		811AFCBC48F13CC6A85F50C4 /* RailwayGameUITests */ = {
			isa = PBXNativeTarget;
			buildConfigurationList = C8C180C0B5D711599E902A75 /* Build configuration list for PBXNativeTarget "RailwayGameUITests" */;
			buildPhases = (
				3E3F43EA7A9B2166962511FF /* Sources */,
			);
			buildRules = (
			);
			dependencies = (
				C1CB148EA3F3CC22BB6E0D9D /* PBXTargetDependency */,
			);
			name = RailwayGameUITests;
			packageProductDependencies = (
			);
			productName = RailwayGameUITests;
			productReference = A0888B79097535628EEF865F /* RailwayGameUITests.xctest */;
			productType = "com.apple.product-type.bundle.ui-testing";
		};
/* End PBXNativeTarget section */

/* Begin PBXProject section */
		20F26E761254EC6D2A5F8CC9 /* Project object */ = {
			isa = PBXProject;
			attributes = {
				BuildIndependentTargetsInParallel = YES;
				LastUpgradeCheck = 1430;
				TargetAttributes = {
					6B2730D54DA2BD4386F0AEE3 = {
						ProvisioningStyle = Automatic;
					};
					811AFCBC48F13CC6A85F50C4 = {
						TestTargetID = 6B2730D54DA2BD4386F0AEE3;
					};
				};
			};
			buildConfigurationList = CEB4CA7D01BF206898BE6B83 /* Build configuration list for PBXProject "RailwayGame" */;
			developmentRegion = en;
			hasScannedForEncodings = 0;
			knownRegions = (
				Base,
				en,
				"zh-Hant",
			);
			mainGroup = A1765EA1CC06988CA8C37FF3;
			minimizedProjectReferenceProxies = 1;
			packageReferences = (
				0AEF159393F7894B4AEF45CB /* XCRemoteSwiftPackageReference "maplibre-gl-native-distribution" */,
				B62E968A3FFCDAC313506A7E /* XCLocalSwiftPackageReference ".." */,
			);
			preferredProjectObjectVersion = 77;
			productRefGroup = 04B4E0263838A9F3091ABD24 /* Products */;
			projectDirPath = "";
			projectRoot = "";
			targets = (
				6B2730D54DA2BD4386F0AEE3 /* RailwayGame */,
				811AFCBC48F13CC6A85F50C4 /* RailwayGameUITests */,
			);
		};
/* End PBXProject section */

/* Begin PBXResourcesBuildPhase section */
		C61135149A74BBA2B4090747 /* Resources */ = {
			isa = PBXResourcesBuildPhase;
			buildActionMask = 2147483647;
			files = (
				E2EBB2C322FFE308B9EABCBE /* Assets.xcassets in Resources */,
				8AB926BA8AD3CB2CFD7351DC /* InfoPlist.strings in Resources */,
				D7C2F05C8F97660E0404A588 /* Localizable.xcstrings in Resources */,
				68C5B44129E827A4E417FB63 /* MapLibre-iOS-LICENSE.md in Resources */,
				1E9DD55C059CAB8D682CA656 /* afr.json in Resources */,
				B4C21D76AC6D8C7F15D03E7A /* krtc.json in Resources */,
				789C9FAADEA0419549125729 /* krtc_times.json in Resources */,
				54DD975F68392FD1FBC6829C /* music-loop.caf in Resources */,
				86EB45BA9705BF6B815B4D1B /* ntalrt.json in Resources */,
				2EAE2F5727457C096F6FB7CD /* ntalrt_times.json in Resources */,
				806D73969CCF23668A25B510 /* ntdlrt.json in Resources */,
				196DB07B71A523EE4DCE91DE /* ntdlrt_times.json in Resources */,
				D4406F2AAF216CFD720F2A34 /* rail-joint.wav in Resources */,
				4BD9A2C2F541EB4CE36CA67B /* sanying.json in Resources */,
				792A33CF70AD2536E13CF479 /* sanying_times.json in Resources */,
				F46D9B04101FA9F89A33CB08 /* station-chime.wav in Resources */,
				10D525FC9BA6C8175B84AB5F /* station_names.json in Resources */,
				A3C9D6B6FECF2BBDAD9C372A /* station_transfers.json in Resources */,
				8163932343EEB39A635118DD /* taiwan_places.json in Resources */,
				19E3457A000AB98921141272 /* taiwan_population.json in Resources */,
				D46AECD3578B57EB4AD69DB4 /* taiwan_water.json in Resources */,
				AEA94B60157383F2A9A1D826 /* thsr-schedule.json in Resources */,
				0F9E2782FAEA7F557182B7DA /* thsr_track.json in Resources */,
				F720FC931D713539D1AF8CCC /* tmrt.json in Resources */,
				BD4D73964A95133885864DC2 /* tmrt_times.json in Resources */,
				0CAEF26EBDE94052FA874ABE /* tra.json in Resources */,
				61BC5056DC57D08A79608972 /* tra_overtake_tracks.json in Resources */,
				0A6DFB7DC5EF1467874F231E /* tra_platforms.json in Resources */,
				EBF4B51615CD5EA956ADD087 /* tra_station_class.json in Resources */,
				9CC22169A02628E88713776A /* tra_station_info.json in Resources */,
				6361F5D3D8B97DFA6D29B6F2 /* tra_track_sections.json in Resources */,
				66CD628AEFF6AEC5001B87F0 /* track_lines.geojson in Resources */,
				F616E84EA51C9BCB0921FBA7 /* track_stations.geojson in Resources */,
				1D588A25E6C866FD0509878D /* trtc.json in Resources */,
				3FA9D3B90B7D1F9CBC07E2FE /* trtc_codes.json in Resources */,
				8F7D3D9A5618E26E83A6DA59 /* trtc_times.json in Resources */,
				3CD0719BA9F8CDD5FC42B134 /* tymc.json in Resources */,
				2B45A912226EB245FACCA4F3 /* tymc_times.json in Resources */,
				B2E315F0FCFC44707DC846E7 /* whoosh.wav in Resources */,
			);
			runOnlyForDeploymentPostprocessing = 0;
		};
/* End PBXResourcesBuildPhase section */

/* Begin PBXSourcesBuildPhase section */
		3D91C31EC1F78548D564B05C /* Sources */ = {
			isa = PBXSourcesBuildPhase;
			buildActionMask = 2147483647;
			files = (
				DDE073E597E0A494A18D4B85 /* AppleMapBackground.swift in Sources */,
				44DB05AFB29842D0B2DC04C0 /* ContentView.swift in Sources */,
				CDA0BE241DE1D06BA9047372 /* ControlPanel.swift in Sources */,
				225C04C52DFBA47A1A6F22A4 /* DataSourcesView.swift in Sources */,
				647CBFF4717FB3B4384775E6 /* EconomyPanel.swift in Sources */,
				DC0C16D1A36913B68ED98526 /* FleetOverviewSheet.swift in Sources */,
				4D8F006CF3A45F2966A0F276 /* FollowBar.swift in Sources */,
				6FDAFF341E0A4ECA23966804 /* GameAudio.swift in Sources */,
				E0751BAC4F08ABCE62170267 /* GoalsPanel.swift in Sources */,
				4E6FB096EF541BCE135C2911 /* HUDView.swift in Sources */,
				9C344F54682319D6B608F56A /* InspectorView.swift in Sources */,
				6531280599255B09E99C7E41 /* LinesPanel.swift in Sources */,
				376974C84B7F85117BB54C8D /* MapAlertBubbles.swift in Sources */,
				4936E4C3E4EF4FA3E29C6989 /* MapArt.swift in Sources */,
				10E13E2AD7D42FDB96BF2C00 /* MapBuildConfirm.swift in Sources */,
				BEF6C6FD0A62EBDEDD8E4244 /* MapConstructionHUD.swift in Sources */,
				945BE0F504200741317CF54C /* MapLayerSheet.swift in Sources */,
				7CFC437C2E691CD94BA7812D /* MapStationTagView.swift in Sources */,
				8C1EFE8C1F4019116280DB94 /* MapView.swift in Sources */,
				622D1DA8B4621C37B231D926 /* NetworkControls.swift in Sources */,
				72BB385B24C1703F13EF0B20 /* NetworkOverview.swift in Sources */,
				5650A33F4398B9F43624CE35 /* OSMMapBackground.swift in Sources */,
				830D83B9EA543EBE0B160A9E /* Palette.swift in Sources */,
				7A4A6D92573E439869E49F7A /* PerformanceMenu.swift in Sources */,
				AA89DE59BE4AB10592AFA96C /* PopulationLegendView.swift in Sources */,
				2733FFE60203B4AA0059ECFD /* RailwayGameApp.swift in Sources */,
				2AB6C1070610AFCEB0DD27A0 /* RealWorldPicker.swift in Sources */,
				7620F6925D1B67C07C540F42 /* RegionStyle.swift in Sources */,
				9C967885AEABC53789FB4165 /* RouteStrip.swift in Sources */,
				A3960BFF1A41CEBA47C4ADE1 /* SettingsView.swift in Sources */,
				AF80C7D3AA57530427081DFF /* StartView.swift in Sources */,
				8D4B39BDE96607C94B4FF902 /* StationLineChips.swift in Sources */,
				304C0785E22FB9116FD70174 /* StationPanel.swift in Sources */,
				F86D215344F8BC5B6E8955AD /* Theme.swift in Sources */,
				C61BAB200CEB800C0F50B796 /* TimetableEditor.swift in Sources */,
				1505CF68AD15B9B924150DFB /* TrainControls.swift in Sources */,
				991AFFBF0CFA0B43EA636257 /* TrainLoadBar.swift in Sources */,
				543A1EE337FEC2FCA74B2603 /* TutorialOverlay.swift in Sources */,
				231927FCE953BD76302D19BE /* TutorialTargets.swift in Sources */,
				7044884A77678D3AA560B162 /* YearEndReport.swift in Sources */,
			);
			runOnlyForDeploymentPostprocessing = 0;
		};
		3E3F43EA7A9B2166962511FF /* Sources */ = {
			isa = PBXSourcesBuildPhase;
			buildActionMask = 2147483647;
			files = (
				298E6F23EF908E81C6D9639F /* MapInteractionTests.swift in Sources */,
				A63CC2F5042DB04F53E77F6D /* RealWorldMapUITests.swift in Sources */,
				5816A50B5D199B14095EB3AA /* SettingsUITests.swift in Sources */,
				CC783E4053798355ECF17075 /* StartSaveFlowSmokeTests.swift in Sources */,
				A6BE3F0BE2C0F8D6B5BB4B23 /* ToolbarSmokeTests.swift in Sources */,
				4EE0D41AC5A9913840A83374 /* TutorialUITests.swift in Sources */,
			);
			runOnlyForDeploymentPostprocessing = 0;
		};
/* End PBXSourcesBuildPhase section */

/* Begin PBXTargetDependency section */
		C1CB148EA3F3CC22BB6E0D9D /* PBXTargetDependency */ = {
			isa = PBXTargetDependency;
			target = 6B2730D54DA2BD4386F0AEE3 /* RailwayGame */;
			targetProxy = AEDA703A655690726C373541 /* PBXContainerItemProxy */;
		};
/* End PBXTargetDependency section */

/* Begin PBXVariantGroup section */
		A0EEF6BF7DEFF9BA44F2679A /* InfoPlist.strings */ = {
			isa = PBXVariantGroup;
			children = (
				C639F6C2DB822D36E3F0AB8A /* en */,
				2A779D8969EEF8D75DD97FF5 /* zh-Hant */,
			);
			name = InfoPlist.strings;
			sourceTree = "<group>";
		};
/* End PBXVariantGroup section */

/* Begin XCBuildConfiguration section */
		0F805BEA5C433FD5E536210D /* Release */ = {
			isa = XCBuildConfiguration;
			buildSettings = {
				BUNDLE_LOADER = "$(TEST_HOST)";
				GENERATE_INFOPLIST_FILE = YES;
				LD_RUNPATH_SEARCH_PATHS = (
					"$(inherited)",
					"@executable_path/Frameworks",
					"@loader_path/Frameworks",
				);
				PRODUCT_BUNDLE_IDENTIFIER = io.github.a91453.RailwayGameUITests;
				SDKROOT = iphoneos;
				SWIFT_TREAT_WARNINGS_AS_ERRORS = YES;
				TARGETED_DEVICE_FAMILY = "1,2";
				TEST_TARGET_NAME = RailwayGame;
			};
			name = Release;
		};
		56720F79A03BC1087880FEC5 /* Debug */ = {
			isa = XCBuildConfiguration;
			buildSettings = {
				ASSETCATALOG_COMPILER_APPICON_NAME = AppIcon;
				ASSETCATALOG_COMPILER_GLOBAL_ACCENT_COLOR_NAME = AccentColor;
				CODE_SIGN_IDENTITY = "iPhone Developer";
				CODE_SIGN_STYLE = Automatic;
				CURRENT_PROJECT_VERSION = 1;
				GENERATE_INFOPLIST_FILE = YES;
				INFOPLIST_KEY_CFBundleDisplayName = "Along the Line";
				INFOPLIST_KEY_UIApplicationSceneManifest_Generation = YES;
				INFOPLIST_KEY_UILaunchScreen_Generation = YES;
				INFOPLIST_KEY_UISupportedInterfaceOrientations_iPad = "UIInterfaceOrientationPortrait UIInterfaceOrientationPortraitUpsideDown UIInterfaceOrientationLandscapeLeft UIInterfaceOrientationLandscapeRight";
				INFOPLIST_KEY_UISupportedInterfaceOrientations_iPhone = "UIInterfaceOrientationLandscapeLeft UIInterfaceOrientationLandscapeRight";
				LD_RUNPATH_SEARCH_PATHS = (
					"$(inherited)",
					"@executable_path/Frameworks",
				);
				MARKETING_VERSION = 0.4.0;
				PRODUCT_BUNDLE_IDENTIFIER = io.github.a91453.RailwayGame;
				SDKROOT = iphoneos;
				SWIFT_TREAT_WARNINGS_AS_ERRORS = YES;
				TARGETED_DEVICE_FAMILY = "1,2";
			};
			name = Debug;
		};
		67CBB75F87505B9227B2E788 /* Debug */ = {
			isa = XCBuildConfiguration;
			buildSettings = {
				BUNDLE_LOADER = "$(TEST_HOST)";
				GENERATE_INFOPLIST_FILE = YES;
				LD_RUNPATH_SEARCH_PATHS = (
					"$(inherited)",
					"@executable_path/Frameworks",
					"@loader_path/Frameworks",
				);
				PRODUCT_BUNDLE_IDENTIFIER = io.github.a91453.RailwayGameUITests;
				SDKROOT = iphoneos;
				SWIFT_TREAT_WARNINGS_AS_ERRORS = YES;
				TARGETED_DEVICE_FAMILY = "1,2";
				TEST_TARGET_NAME = RailwayGame;
			};
			name = Debug;
		};
		8830125C4DA391731F463A14 /* Debug */ = {
			isa = XCBuildConfiguration;
			buildSettings = {
				ALWAYS_SEARCH_USER_PATHS = NO;
				CLANG_ANALYZER_NONNULL = YES;
				CLANG_ANALYZER_NUMBER_OBJECT_CONVERSION = YES_AGGRESSIVE;
				CLANG_CXX_LANGUAGE_STANDARD = "gnu++14";
				CLANG_CXX_LIBRARY = "libc++";
				CLANG_ENABLE_MODULES = YES;
				CLANG_ENABLE_OBJC_ARC = YES;
				CLANG_ENABLE_OBJC_WEAK = YES;
				CLANG_WARN_BLOCK_CAPTURE_AUTORELEASING = YES;
				CLANG_WARN_BOOL_CONVERSION = YES;
				CLANG_WARN_COMMA = YES;
				CLANG_WARN_CONSTANT_CONVERSION = YES;
				CLANG_WARN_DEPRECATED_OBJC_IMPLEMENTATIONS = YES;
				CLANG_WARN_DIRECT_OBJC_ISA_USAGE = YES_ERROR;
				CLANG_WARN_DOCUMENTATION_COMMENTS = YES;
				CLANG_WARN_EMPTY_BODY = YES;
				CLANG_WARN_ENUM_CONVERSION = YES;
				CLANG_WARN_INFINITE_RECURSION = YES;
				CLANG_WARN_INT_CONVERSION = YES;
				CLANG_WARN_NON_LITERAL_NULL_CONVERSION = YES;
				CLANG_WARN_OBJC_IMPLICIT_RETAIN_SELF = YES;
				CLANG_WARN_OBJC_LITERAL_CONVERSION = YES;
				CLANG_WARN_OBJC_ROOT_CLASS = YES_ERROR;
				CLANG_WARN_QUOTED_INCLUDE_IN_FRAMEWORK_HEADER = YES;
				CLANG_WARN_RANGE_LOOP_ANALYSIS = YES;
				CLANG_WARN_STRICT_PROTOTYPES = YES;
				CLANG_WARN_SUSPICIOUS_MOVE = YES;
				CLANG_WARN_UNGUARDED_AVAILABILITY = YES_AGGRESSIVE;
				CLANG_WARN_UNREACHABLE_CODE = YES;
				CLANG_WARN__DUPLICATE_METHOD_MATCH = YES;
				COPY_PHASE_STRIP = NO;
				DEBUG_INFORMATION_FORMAT = dwarf;
				ENABLE_STRICT_OBJC_MSGSEND = YES;
				ENABLE_TESTABILITY = YES;
				GCC_C_LANGUAGE_STANDARD = gnu11;
				GCC_DYNAMIC_NO_PIC = NO;
				GCC_NO_COMMON_BLOCKS = YES;
				GCC_OPTIMIZATION_LEVEL = 0;
				GCC_PREPROCESSOR_DEFINITIONS = (
					"$(inherited)",
					"DEBUG=1",
				);
				GCC_WARN_64_TO_32_BIT_CONVERSION = YES;
				GCC_WARN_ABOUT_RETURN_TYPE = YES_ERROR;
				GCC_WARN_UNDECLARED_SELECTOR = YES;
				GCC_WARN_UNINITIALIZED_AUTOS = YES_AGGRESSIVE;
				GCC_WARN_UNUSED_FUNCTION = YES;
				GCC_WARN_UNUSED_VARIABLE = YES;
				IPHONEOS_DEPLOYMENT_TARGET = 17.0;
				MTL_ENABLE_DEBUG_INFO = INCLUDE_SOURCE;
				MTL_FAST_MATH = YES;
				ONLY_ACTIVE_ARCH = YES;
				PRODUCT_NAME = "$(TARGET_NAME)";
				SDKROOT = iphoneos;
				SWIFT_ACTIVE_COMPILATION_CONDITIONS = DEBUG;
				SWIFT_OPTIMIZATION_LEVEL = "-Onone";
				SWIFT_VERSION = 6.0;
			};
			name = Debug;
		};
		E4FFDE7BFDC7E8349E70DBAC /* Release */ = {
			isa = XCBuildConfiguration;
			buildSettings = {
				ALWAYS_SEARCH_USER_PATHS = NO;
				CLANG_ANALYZER_NONNULL = YES;
				CLANG_ANALYZER_NUMBER_OBJECT_CONVERSION = YES_AGGRESSIVE;
				CLANG_CXX_LANGUAGE_STANDARD = "gnu++14";
				CLANG_CXX_LIBRARY = "libc++";
				CLANG_ENABLE_MODULES = YES;
				CLANG_ENABLE_OBJC_ARC = YES;
				CLANG_ENABLE_OBJC_WEAK = YES;
				CLANG_WARN_BLOCK_CAPTURE_AUTORELEASING = YES;
				CLANG_WARN_BOOL_CONVERSION = YES;
				CLANG_WARN_COMMA = YES;
				CLANG_WARN_CONSTANT_CONVERSION = YES;
				CLANG_WARN_DEPRECATED_OBJC_IMPLEMENTATIONS = YES;
				CLANG_WARN_DIRECT_OBJC_ISA_USAGE = YES_ERROR;
				CLANG_WARN_DOCUMENTATION_COMMENTS = YES;
				CLANG_WARN_EMPTY_BODY = YES;
				CLANG_WARN_ENUM_CONVERSION = YES;
				CLANG_WARN_INFINITE_RECURSION = YES;
				CLANG_WARN_INT_CONVERSION = YES;
				CLANG_WARN_NON_LITERAL_NULL_CONVERSION = YES;
				CLANG_WARN_OBJC_IMPLICIT_RETAIN_SELF = YES;
				CLANG_WARN_OBJC_LITERAL_CONVERSION = YES;
				CLANG_WARN_OBJC_ROOT_CLASS = YES_ERROR;
				CLANG_WARN_QUOTED_INCLUDE_IN_FRAMEWORK_HEADER = YES;
				CLANG_WARN_RANGE_LOOP_ANALYSIS = YES;
				CLANG_WARN_STRICT_PROTOTYPES = YES;
				CLANG_WARN_SUSPICIOUS_MOVE = YES;
				CLANG_WARN_UNGUARDED_AVAILABILITY = YES_AGGRESSIVE;
				CLANG_WARN_UNREACHABLE_CODE = YES;
				CLANG_WARN__DUPLICATE_METHOD_MATCH = YES;
				COPY_PHASE_STRIP = NO;
				DEBUG_INFORMATION_FORMAT = "dwarf-with-dsym";
				ENABLE_NS_ASSERTIONS = NO;
				ENABLE_STRICT_OBJC_MSGSEND = YES;
				GCC_C_LANGUAGE_STANDARD = gnu11;
				GCC_NO_COMMON_BLOCKS = YES;
				GCC_WARN_64_TO_32_BIT_CONVERSION = YES;
				GCC_WARN_ABOUT_RETURN_TYPE = YES_ERROR;
				GCC_WARN_UNDECLARED_SELECTOR = YES;
				GCC_WARN_UNINITIALIZED_AUTOS = YES_AGGRESSIVE;
				GCC_WARN_UNUSED_FUNCTION = YES;
				GCC_WARN_UNUSED_VARIABLE = YES;
				IPHONEOS_DEPLOYMENT_TARGET = 17.0;
				MTL_ENABLE_DEBUG_INFO = NO;
				MTL_FAST_MATH = YES;
				PRODUCT_NAME = "$(TARGET_NAME)";
				SDKROOT = iphoneos;
				SWIFT_COMPILATION_MODE = wholemodule;
				SWIFT_OPTIMIZATION_LEVEL = "-O";
				SWIFT_VERSION = 6.0;
			};
			name = Release;
		};
		F8FCB828881F14C677775352 /* Release */ = {
			isa = XCBuildConfiguration;
			buildSettings = {
				ASSETCATALOG_COMPILER_APPICON_NAME = AppIcon;
				ASSETCATALOG_COMPILER_GLOBAL_ACCENT_COLOR_NAME = AccentColor;
				CODE_SIGN_IDENTITY = "iPhone Developer";
				CODE_SIGN_STYLE = Automatic;
				CURRENT_PROJECT_VERSION = 1;
				GENERATE_INFOPLIST_FILE = YES;
				INFOPLIST_KEY_CFBundleDisplayName = "Along the Line";
				INFOPLIST_KEY_UIApplicationSceneManifest_Generation = YES;
				INFOPLIST_KEY_UILaunchScreen_Generation = YES;
				INFOPLIST_KEY_UISupportedInterfaceOrientations_iPad = "UIInterfaceOrientationPortrait UIInterfaceOrientationPortraitUpsideDown UIInterfaceOrientationLandscapeLeft UIInterfaceOrientationLandscapeRight";
				INFOPLIST_KEY_UISupportedInterfaceOrientations_iPhone = "UIInterfaceOrientationLandscapeLeft UIInterfaceOrientationLandscapeRight";
				LD_RUNPATH_SEARCH_PATHS = (
					"$(inherited)",
					"@executable_path/Frameworks",
				);
				MARKETING_VERSION = 0.4.0;
				PRODUCT_BUNDLE_IDENTIFIER = io.github.a91453.RailwayGame;
				SDKROOT = iphoneos;
				SWIFT_TREAT_WARNINGS_AS_ERRORS = YES;
				TARGETED_DEVICE_FAMILY = "1,2";
			};
			name = Release;
		};
/* End XCBuildConfiguration section */

/* Begin XCConfigurationList section */
		7D02E24E17509A8E74B0F95A /* Build configuration list for PBXNativeTarget "RailwayGame" */ = {
			isa = XCConfigurationList;
			buildConfigurations = (
				56720F79A03BC1087880FEC5 /* Debug */,
				F8FCB828881F14C677775352 /* Release */,
			);
			defaultConfigurationIsVisible = 0;
			defaultConfigurationName = Debug;
		};
		C8C180C0B5D711599E902A75 /* Build configuration list for PBXNativeTarget "RailwayGameUITests" */ = {
			isa = XCConfigurationList;
			buildConfigurations = (
				67CBB75F87505B9227B2E788 /* Debug */,
				0F805BEA5C433FD5E536210D /* Release */,
			);
			defaultConfigurationIsVisible = 0;
			defaultConfigurationName = Debug;
		};
		CEB4CA7D01BF206898BE6B83 /* Build configuration list for PBXProject "RailwayGame" */ = {
			isa = XCConfigurationList;
			buildConfigurations = (
				8830125C4DA391731F463A14 /* Debug */,
				E4FFDE7BFDC7E8349E70DBAC /* Release */,
			);
			defaultConfigurationIsVisible = 0;
			defaultConfigurationName = Debug;
		};
/* End XCConfigurationList section */

/* Begin XCLocalSwiftPackageReference section */
		B62E968A3FFCDAC313506A7E /* XCLocalSwiftPackageReference ".." */ = {
			isa = XCLocalSwiftPackageReference;
			relativePath = ..;
		};
/* End XCLocalSwiftPackageReference section */

/* Begin XCRemoteSwiftPackageReference section */
		0AEF159393F7894B4AEF45CB /* XCRemoteSwiftPackageReference "maplibre-gl-native-distribution" */ = {
			isa = XCRemoteSwiftPackageReference;
			repositoryURL = "https://github.com/maplibre/maplibre-gl-native-distribution";
			requirement = {
				kind = exactVersion;
				version = 6.31.0;
			};
		};
/* End XCRemoteSwiftPackageReference section */

/* Begin XCSwiftPackageProductDependency section */
		45EC5C77CE30354C4B4E2BAF /* GamePresentation */ = {
			isa = XCSwiftPackageProductDependency;
			productName = GamePresentation;
		};
		B7E2B69371F0B985A7107860 /* GameCore */ = {
			isa = XCSwiftPackageProductDependency;
			productName = GameCore;
		};
		FD2BB5E656E35262DF9997FA /* MapLibre */ = {
			isa = XCSwiftPackageProductDependency;
			package = 0AEF159393F7894B4AEF45CB /* XCRemoteSwiftPackageReference "maplibre-gl-native-distribution" */;
			productName = MapLibre;
		};
/* End XCSwiftPackageProductDependency section */
	};
	rootObject = 20F26E761254EC6D2A5F8CC9 /* Project object */;
}
